{
  "name": "germinastack-front",
  "lockfileVersion": 3,
  "requires": true,
  "packages": {
    "": {
      "name": "germinastack-front",
      "hasInstallScript": true,
      "dependencies": {
        "germinastack-ui-components": "1.0.6"
      }
    },
    "node_modules/germinastack-ui-components": {
      "version": "1.0.6",
      "resolved": "https://registry.npmjs.org/germinastack-ui-components/-/germinastack-ui-components-1.0.6.tgz",
      "integrity": "sha512-XQwLcAJV2O6lsFPAEwoj/z22Kk9dW5bWPGYCWN3LhKzrvCXV1VUdsvCTCt09Ep91LBVDWzICAxpgk1NLxdAaPA==",
      "license": "MIT"
    }
  }
}
