{
  "name": "germinastack-front",
  "lockfileVersion": 3,
  "requires": true,
  "packages": {
    "": {
      "name": "germinastack-front",
      "hasInstallScript": true,
      "dependencies": {
        "germinastack-ui-components": "1.0.2"
      }
    },
    "node_modules/germinastack-ui-components": {
      "version": "1.0.2",
      "resolved": "https://registry.npmjs.org/germinastack-ui-components/-/germinastack-ui-components-1.0.2.tgz",
      "integrity": "sha512-nOE6CUCm6ER+Yw78UKadBSsPedk3VGE+k5kloZR1oqUl3j+sE/qhxq0rhxMy3WolyF/nsVrtTouAxY65XBxIjQ==",
      "license": "MIT"
    }
  }
}
