{
  "name": "germinastack-front",
  "lockfileVersion": 3,
  "requires": true,
  "packages": {
    "": {
      "name": "germinastack-front",
      "hasInstallScript": true,
      "dependencies": {
        "germinastack-ui-components": "1.0.5"
      }
    },
    "node_modules/germinastack-ui-components": {
      "version": "1.0.5",
      "resolved": "https://registry.npmjs.org/germinastack-ui-components/-/germinastack-ui-components-1.0.5.tgz",
      "integrity": "sha512-D8zW2KXGJVF+HYvF2j7wGocHBumFfCFx8en8wJnasDyaeY/54+e7RB6Wu7b9sEnn5kPV2+RpSgLt4NIxmETUqw==",
      "license": "MIT"
    }
  }
}
